{
    "_meta": {
        "hash": {
            "sha256": "d415c4e80a467fb3cc2b602f09c0adb92554db42adeee0964c506e02027bc847"
        },
        "pipfile-spec": 6,
        "requires": {
            "python_version": "3.6"
        },
        "sources": [
            {
                "name": "pypi",
                "url": "https://pypi.org/simple",
                "verify_ssl": true
            }
        ]
    },
    "default": {
        "django": {
            "hashes": [
                "sha256:69897097095f336d5aeef45b4103dceae51c00afa6d3ae198a2a18e519791b7a",
                "sha256:6ecd229e1815d4fc5240fc98f1cca78c41e7a8cd3e3f2eefadc4735031077916"
            ],
            "index": "pypi",
            "version": "==2.2.12"
        },
        "django-annoying": {
            "hashes": [
                "sha256:083b5e26f140f86178fcb47931f69b7ff75181ccd1e318d9c218ae9babc1805e",
                "sha256:e230f28fec0559b4fdb621ff202068a78170ada2ac1ec7a73ba822cc1f737791"
            ],
            "version": "==0.10.6"
        },
        "django-filter": {
            "hashes": [
                "sha256:558c727bce3ffa89c4a7a0b13bc8976745d63e5fd576b3a9a851650ef11c401b",
                "sha256:c3deb57f0dd7ff94d7dce52a047516822013e2b441bed472b722a317658cfd14"
            ],
            "version": "==2.2.0"
        },
        "django-jsonstore": {
            "hashes": [
                "sha256:d6e42152af3f924e4657c99e80144ba9a6410799256f6134b5a4e9fa4282ec10"
            ],
            "version": "==0.4.1"
        },
        "django-material": {
            "hashes": [
                "sha256:3cc68b34348634f019bf529f3e0b99b1474ab36ec9b50040f5e557b5b65add1d",
                "sha256:9da268532c92c270b512d9610c9723a07dbfea06db98434dac8aa1dd2910778f"
            ],
            "index": "pypi",
            "version": "==1.6.7"
        },
        "django-viewflow": {
            "hashes": [
                "sha256:353891f1974fa55695b713314e241ca0cddd3b7551686090f2d19a718d5a7667",
                "sha256:9f105161a6542ccca01567c23af919fd40a6c2e30f99203793e4417cc869bc46"
            ],
            "index": "pypi",
            "version": "==1.6.1"
        },
        "pytz": {
            "hashes": [
                "sha256:a494d53b6d39c3c6e44c3bec237336e14305e4f29bbf800b599253057fbb79ed",
                "sha256:c35965d010ce31b23eeb663ed3cc8c906275d6be1a34393a1d73a41febf4a048"
            ],
            "index": "pypi",
            "version": "==2020.1"
        },
        "six": {
            "hashes": [
                "sha256:30639c035cdb23534cd4aa2dd52c3bf48f06e5f4a941509c8bafd8ce11080259",
                "sha256:8b74bedcbbbaca38ff6d7491d76f2b06b3592611af620f8426e82dddb04a5ced"
            ],
            "version": "==1.15.0"
        },
        "sqlparse": {
            "hashes": [
                "sha256:022fb9c87b524d1f7862b3037e541f68597a730a8843245c349fc93e1643dc4e",
                "sha256:e162203737712307dfe78860cc56c8da8a852ab2ee33750e33aeadf38d12c548"
            ],
            "version": "==0.3.1"
        }
    },
    "develop": {}
}
